
Microsoft Visual Studio Solution File, Format Version 12.00
# Visual Studio Version 17
VisualStudioVersion = 17.9.34723.18
MinimumVisualStudioVersion = 10.0.40219.1
Project("{8BC9CEB8-8B4A-11D0-8D11-00A0C91BC942}") = "CalculatorTutorial", "CalculatorTutorial\CalculatorTutorial.vcxproj", "{0731657E-B3E2-4B4E-802D-F7AE5E909F1A}"
EndProject
Global
	GlobalSection(SolutionConfigurationPlatforms) = preSolution
		Debug|x64 = Debug|x64
		Debug|x86 = Debug|x86
		Release|x64 = Release|x64
		Release|x86 = Release|x86
	EndGlobalSection
	GlobalSection(ProjectConfigurationPlatforms) = postSolution
		{0731657E-B3E2-4B4E-802D-F7AE5E909F1A}.Debug|x64.ActiveCfg = Debug|x64
		{0731657E-B3E2-4B4E-802D-F7AE5E909F1A}.Debug|x64.Build.0 = Debug|x64
		{0731657E-B3E2-4B4E-802D-F7AE5E909F1A}.Debug|x86.ActiveCfg = Debug|Win32
		{0731657E-B3E2-4B4E-802D-F7AE5E909F1A}.Debug|x86.Build.0 = Debug|Win32
		{0731657E-B3E2-4B4E-802D-F7AE5E909F1A}.Release|x64.ActiveCfg = Release|x64
		{0731657E-B3E2-4B4E-802D-F7AE5E909F1A}.Release|x64.Build.0 = Release|x64
		{0731657E-B3E2-4B4E-802D-F7AE5E909F1A}.Release|x86.ActiveCfg = Release|Win32
		{0731657E-B3E2-4B4E-802D-F7AE5E909F1A}.Release|x86.Build.0 = Release|Win32
	EndGlobalSection
	GlobalSection(SolutionProperties) = preSolution
		HideSolutionNode = FALSE
	EndGlobalSection
	GlobalSection(ExtensibilityGlobals) = postSolution
		SolutionGuid = {FAE1F24A-C931-4182-91C6-03BB615B7588}
	EndGlobalSection
EndGlobal
